
Microsoft Visual Studio Solution File, Format Version 12.00
# Visual Studio Version 17
VisualStudioVersion = 17.8.34330.188
MinimumVisualStudioVersion = 10.0.40219.1
Project("{FAE04EC0-301F-11D3-BF4B-00C04F79EFBC}") = "BaiLam", "BaiLam\BaiLam.csproj", "{80B8F757-82FB-4C39-BD8E-B1F82690252D}"
EndProject
Global
	GlobalSection(SolutionConfigurationPlatforms) = preSolution
		Debug|Any CPU = Debug|Any CPU
		Release|Any CPU = Release|Any CPU
	EndGlobalSection
	GlobalSection(ProjectConfigurationPlatforms) = postSolution
		{80B8F757-82FB-4C39-BD8E-B1F82690252D}.Debug|Any CPU.ActiveCfg = Debug|Any CPU
		{80B8F757-82FB-4C39-BD8E-B1F82690252D}.Debug|Any CPU.Build.0 = Debug|Any CPU
		{80B8F757-82FB-4C39-BD8E-B1F82690252D}.Release|Any CPU.ActiveCfg = Release|Any CPU
		{80B8F757-82FB-4C39-BD8E-B1F82690252D}.Release|Any CPU.Build.0 = Release|Any CPU
	EndGlobalSection
	GlobalSection(SolutionProperties) = preSolution
		HideSolutionNode = FALSE
	EndGlobalSection
	GlobalSection(ExtensibilityGlobals) = postSolution
		SolutionGuid = {436129CE-E899-43B2-B404-B447EEFE9E92}
	EndGlobalSection
EndGlobal
